// !$*UTF8*$!
{
	archiveVersion = 1;
	classes = {
	};
	objectVersion = 50;
	objects = {

/* Begin PBXBuildFile section */
		57067251231F024800AAF653 /* AppDelegate.swift in Sources */ = {isa = PBXBuildFile; fileRef = 57067250231F024800AAF653 /* AppDelegate.swift */; };
		57067253231F024800AAF653 /* ViewController.swift in Sources */ = {isa = PBXBuildFile; fileRef = 57067252231F024800AAF653 /* ViewController.swift */; };
		57067256231F024800AAF653 /* Main.storyboard in Resources */ = {isa = PBXBuildFile; fileRef = 57067254231F024800AAF653 /* Main.storyboard */; };
		57067258231F024900AAF653 /* Assets.xcassets in Resources */ = {isa = PBXBuildFile; fileRef = 57067257231F024900AAF653 /* Assets.xcassets */; };
		5706725B231F024900AAF653 /* LaunchScreen.storyboard in Resources */ = {isa = PBXBuildFile; fileRef = 57067259231F024900AAF653 /* LaunchScreen.storyboard */; };
		57067263231F040300AAF653 /* Livro.swift in Sources */ = {isa = PBXBuildFile; fileRef = 57067262231F040300AAF653 /* Livro.swift */; };
		57067265231F04A300AAF653 /* LivroCelula.swift in Sources */ = {isa = PBXBuildFile; fileRef = 57067264231F04A300AAF653 /* LivroCelula.swift */; };
		57067267231F087D00AAF653 /* DetalhesViewController.swift in Sources */ = {isa = PBXBuildFile; fileRef = 57067266231F087D00AAF653 /* DetalhesViewController.swift */; };
		57067269231F10CD00AAF653 /* ResumoViewController.swift in Sources */ = {isa = PBXBuildFile; fileRef = 57067268231F10CD00AAF653 /* ResumoViewController.swift */; };
/* End PBXBuildFile section */

/* Begin PBXFileReference section */
		5706724D231F024800AAF653 /* Livros.app */ = {isa = PBXFileReference; explicitFileType = wrapper.application; includeInIndex = 0; path = Livros.app; sourceTree = BUILT_PRODUCTS_DIR; };
		57067250231F024800AAF653 /* AppDelegate.swift */ = {isa = PBXFileReference; lastKnownFileType = sourcecode.swift; path = AppDelegate.swift; sourceTree = "<group>"; };
		57067252231F024800AAF653 /* ViewController.swift */ = {isa = PBXFileReference; lastKnownFileType = sourcecode.swift; path = ViewController.swift; sourceTree = "<group>"; };
		57067255231F024800AAF653 /* Base */ = {isa = PBXFileReference; lastKnownFileType = file.storyboard; name = Base; path = Base.lproj/Main.storyboard; sourceTree = "<group>"; };
		57067257231F024900AAF653 /* Assets.xcassets */ = {isa = PBXFileReference; lastKnownFileType = folder.assetcatalog; path = Assets.xcassets; sourceTree = "<group>"; };
		5706725A231F024900AAF653 /* Base */ = {isa = PBXFileReference; lastKnownFileType = file.storyboard; name = Base; path = Base.lproj/LaunchScreen.storyboard; sourceTree = "<group>"; };
		5706725C231F024900AAF653 /* Info.plist */ = {isa = PBXFileReference; lastKnownFileType = text.plist.xml; path = Info.plist; sourceTree = "<group>"; };
		57067262231F040300AAF653 /* Livro.swift */ = {isa = PBXFileReference; lastKnownFileType = sourcecode.swift; path = Livro.swift; sourceTree = "<group>"; };
		57067264231F04A300AAF653 /* LivroCelula.swift */ = {isa = PBXFileReference; lastKnownFileType = sourcecode.swift; path = LivroCelula.swift; sourceTree = "<group>"; };
		57067266231F087D00AAF653 /* DetalhesViewController.swift */ = {isa = PBXFileReference; lastKnownFileType = sourcecode.swift; path = DetalhesViewController.swift; sourceTree = "<group>"; };
		57067268231F10CD00AAF653 /* ResumoViewController.swift */ = {isa = PBXFileReference; lastKnownFileType = sourcecode.swift; path = ResumoViewController.swift; sourceTree = "<group>"; };
/* End PBXFileReference section */

/* Begin PBXFrameworksBuildPhase section */
		5706724A231F024800AAF653 /* Frameworks */ = {
			isa = PBXFrameworksBuildPhase;
			buildActionMask = 2147483647;
			files = (
			);
			runOnlyForDeploymentPostprocessing = 0;
		};
/* End PBXFrameworksBuildPhase section */

/* Begin PBXGroup section */
		57067244231F024800AAF653 = {
			isa = PBXGroup;
			children = (
				5706724F231F024800AAF653 /* Livros */,
				5706724E231F024800AAF653 /* Products */,
			);
			sourceTree = "<group>";
		};
		5706724E231F024800AAF653 /* Products */ = {
			isa = PBXGroup;
			children = (
				5706724D231F024800AAF653 /* Livros.app */,
			);
			name = Products;
			sourceTree = "<group>";
		};
		5706724F231F024800AAF653 /* Livros */ = {
			isa = PBXGroup;
			children = (
				57067250231F024800AAF653 /* AppDelegate.swift */,
				57067252231F024800AAF653 /* ViewController.swift */,
				57067266231F087D00AAF653 /* DetalhesViewController.swift */,
				57067268231F10CD00AAF653 /* ResumoViewController.swift */,
				57067254231F024800AAF653 /* Main.storyboard */,
				57067262231F040300AAF653 /* Livro.swift */,
				57067257231F024900AAF653 /* Assets.xcassets */,
				57067259231F024900AAF653 /* LaunchScreen.storyboard */,
				5706725C231F024900AAF653 /* Info.plist */,
				57067264231F04A300AAF653 /* LivroCelula.swift */,
			);
			path = Livros;
			sourceTree = "<group>";
		};
/* End PBXGroup section */

/* Begin PBXNativeTarget section */
		5706724C231F024800AAF653 /* Livros */ = {
			isa = PBXNativeTarget;
			buildConfigurationList = 5706725F231F024900AAF653 /* Build configuration list for PBXNativeTarget "Livros" */;
			buildPhases = (
				57067249231F024800AAF653 /* Sources */,
				5706724A231F024800AAF653 /* Frameworks */,
				5706724B231F024800AAF653 /* Resources */,
			);
			buildRules = (
			);
			dependencies = (
			);
			name = Livros;
			productName = Livros;
			productReference = 5706724D231F024800AAF653 /* Livros.app */;
			productType = "com.apple.product-type.application";
		};
/* End PBXNativeTarget section */

/* Begin PBXProject section */
		57067245231F024800AAF653 /* Project object */ = {
			isa = PBXProject;
			attributes = {
				LastSwiftUpdateCheck = 1030;
				LastUpgradeCheck = 1030;
				ORGANIZATIONNAME = "Curso IOS";
				TargetAttributes = {
					5706724C231F024800AAF653 = {
						CreatedOnToolsVersion = 10.3;
					};
				};
			};
			buildConfigurationList = 57067248231F024800AAF653 /* Build configuration list for PBXProject "Livros" */;
			compatibilityVersion = "Xcode 9.3";
			developmentRegion = en;
			hasScannedForEncodings = 0;
			knownRegions = (
				en,
				Base,
			);
			mainGroup = 57067244231F024800AAF653;
			productRefGroup = 5706724E231F024800AAF653 /* Products */;
			projectDirPath = "";
			projectRoot = "";
			targets = (
				5706724C231F024800AAF653 /* Livros */,
			);
		};
/* End PBXProject section */

/* Begin PBXResourcesBuildPhase section */
		5706724B231F024800AAF653 /* Resources */ = {
			isa = PBXResourcesBuildPhase;
			buildActionMask = 2147483647;
			files = (
				5706725B231F024900AAF653 /* LaunchScreen.storyboard in Resources */,
				57067258231F024900AAF653 /* Assets.xcassets in Resources */,
				57067256231F024800AAF653 /* Main.storyboard in Resources */,
			);
			runOnlyForDeploymentPostprocessing = 0;
		};
/* End PBXResourcesBuildPhase section */

/* Begin PBXSourcesBuildPhase section */
		57067249231F024800AAF653 /* Sources */ = {
			isa = PBXSourcesBuildPhase;
			buildActionMask = 2147483647;
			files = (
				57067263231F040300AAF653 /* Livro.swift in Sources */,
				57067269231F10CD00AAF653 /* ResumoViewController.swift in Sources */,
				57067253231F024800AAF653 /* ViewController.swift in Sources */,
				57067265231F04A300AAF653 /* LivroCelula.swift in Sources */,
				57067267231F087D00AAF653 /* DetalhesViewController.swift in Sources */,
				57067251231F024800AAF653 /* AppDelegate.swift in Sources */,
			);
			runOnlyForDeploymentPostprocessing = 0;
		};
/* End PBXSourcesBuildPhase section */

/* Begin PBXVariantGroup section */
		57067254231F024800AAF653 /* Main.storyboard */ = {
			isa = PBXVariantGroup;
			children = (
				57067255231F024800AAF653 /* Base */,
			);
			name = Main.storyboard;
			sourceTree = "<group>";
		};
		57067259231F024900AAF653 /* LaunchScreen.storyboard */ = {
			isa = PBXVariantGroup;
			children = (
				5706725A231F024900AAF653 /* Base */,
			);
			name = LaunchScreen.storyboard;
			sourceTree = "<group>";
		};
/* End PBXVariantGroup section */

/* Begin XCBuildConfiguration section */
		5706725D231F024900AAF653 /* Debug */ = {
			isa = XCBuildConfiguration;
			buildSettings = {
				ALWAYS_SEARCH_USER_PATHS = NO;
				CLANG_ANALYZER_NONNULL = YES;
				CLANG_ANALYZER_NUMBER_OBJECT_CONVERSION = YES_AGGRESSIVE;
				CLANG_CXX_LANGUAGE_STANDARD = "gnu++14";
				CLANG_CXX_LIBRARY = "libc++";
				CLANG_ENABLE_MODULES = YES;
				CLANG_ENABLE_OBJC_ARC = YES;
				CLANG_ENABLE_OBJC_WEAK = YES;
				CLANG_WARN_BLOCK_CAPTURE_AUTORELEASING = YES;
				CLANG_WARN_BOOL_CONVERSION = YES;
				CLANG_WARN_COMMA = YES;
				CLANG_WARN_CONSTANT_CONVERSION = YES;
				CLANG_WARN_DEPRECATED_OBJC_IMPLEMENTATIONS = YES;
				CLANG_WARN_DIRECT_OBJC_ISA_USAGE = YES_ERROR;
				CLANG_WARN_DOCUMENTATION_COMMENTS = YES;
				CLANG_WARN_EMPTY_BODY = YES;
				CLANG_WARN_ENUM_CONVERSION = YES;
				CLANG_WARN_INFINITE_RECURSION = YES;
				CLANG_WARN_INT_CONVERSION = YES;
				CLANG_WARN_NON_LITERAL_NULL_CONVERSION = YES;
				CLANG_WARN_OBJC_IMPLICIT_RETAIN_SELF = YES;
				CLANG_WARN_OBJC_LITERAL_CONVERSION = YES;
				CLANG_WARN_OBJC_ROOT_CLASS = YES_ERROR;
				CLANG_WARN_RANGE_LOOP_ANALYSIS = YES;
				CLANG_WARN_STRICT_PROTOTYPES = YES;
				CLANG_WARN_SUSPICIOUS_MOVE = YES;
				CLANG_WARN_UNGUARDED_AVAILABILITY = YES_AGGRESSIVE;
				CLANG_WARN_UNREACHABLE_CODE = YES;
				CLANG_WARN__DUPLICATE_METHOD_MATCH = YES;
				CODE_SIGN_IDENTITY = "iPhone Developer";
				COPY_PHASE_STRIP = NO;
				DEBUG_INFORMATION_FORMAT = dwarf;
				ENABLE_STRICT_OBJC_MSGSEND = YES;
				ENABLE_TESTABILITY = YES;
				GCC_C_LANGUAGE_STANDARD = gnu11;
				GCC_DYNAMIC_NO_PIC = NO;
				GCC_NO_COMMON_BLOCKS = YES;
				GCC_OPTIMIZATION_LEVEL = 0;
				GCC_PREPROCESSOR_DEFINITIONS = (
					"DEBUG=1",
					"$(inherited)",
				);
				GCC_WARN_64_TO_32_BIT_CONVERSION = YES;
				GCC_WARN_ABOUT_RETURN_TYPE = YES_ERROR;
				GCC_WARN_UNDECLARED_SELECTOR = YES;
				GCC_WARN_UNINITIALIZED_AUTOS = YES_AGGRESSIVE;
				GCC_WARN_UNUSED_FUNCTION = YES;
				GCC_WARN_UNUSED_VARIABLE = YES;
				IPHONEOS_DEPLOYMENT_TARGET = 12.4;
				MTL_ENABLE_DEBUG_INFO = INCLUDE_SOURCE;
				MTL_FAST_MATH = YES;
				ONLY_ACTIVE_ARCH = YES;
				SDKROOT = iphoneos;
				SWIFT_ACTIVE_COMPILATION_CONDITIONS = DEBUG;
				SWIFT_OPTIMIZATION_LEVEL = "-Onone";
			};
			name = Debug;
		};
		5706725E231F024900AAF653 /* Release */ = {
			isa = XCBuildConfiguration;
			buildSettings = {
				ALWAYS_SEARCH_USER_PATHS = NO;
				CLANG_ANALYZER_NONNULL = YES;
				CLANG_ANALYZER_NUMBER_OBJECT_CONVERSION = YES_AGGRESSIVE;
				CLANG_CXX_LANGUAGE_STANDARD = "gnu++14";
				CLANG_CXX_LIBRARY = "libc++";
				CLANG_ENABLE_MODULES = YES;
				CLANG_ENABLE_OBJC_ARC = YES;
				CLANG_ENABLE_OBJC_WEAK = YES;
				CLANG_WARN_BLOCK_CAPTURE_AUTORELEASING = YES;
				CLANG_WARN_BOOL_CONVERSION = YES;
				CLANG_WARN_COMMA = YES;
				CLANG_WARN_CONSTANT_CONVERSION = YES;
				CLANG_WARN_DEPRECATED_OBJC_IMPLEMENTATIONS = YES;
				CLANG_WARN_DIRECT_OBJC_ISA_USAGE = YES_ERROR;
				CLANG_WARN_DOCUMENTATION_COMMENTS = YES;
				CLANG_WARN_EMPTY_BODY = YES;
				CLANG_WARN_ENUM_CONVERSION = YES;
				CLANG_WARN_INFINITE_RECURSION = YES;
				CLANG_WARN_INT_CONVERSION = YES;
				CLANG_WARN_NON_LITERAL_NULL_CONVERSION = YES;
				CLANG_WARN_OBJC_IMPLICIT_RETAIN_SELF = YES;
				CLANG_WARN_OBJC_LITERAL_CONVERSION = YES;
				CLANG_WARN_OBJC_ROOT_CLASS = YES_ERROR;
				CLANG_WARN_RANGE_LOOP_ANALYSIS = YES;
				CLANG_WARN_STRICT_PROTOTYPES = YES;
				CLANG_WARN_SUSPICIOUS_MOVE = YES;
				CLANG_WARN_UNGUARDED_AVAILABILITY = YES_AGGRESSIVE;
				CLANG_WARN_UNREACHABLE_CODE = YES;
				CLANG_WARN__DUPLICATE_METHOD_MATCH = YES;
				CODE_SIGN_IDENTITY = "iPhone Developer";
				COPY_PHASE_STRIP = NO;
				DEBUG_INFORMATION_FORMAT = "dwarf-with-dsym";
				ENABLE_NS_ASSERTIONS = NO;
				ENABLE_STRICT_OBJC_MSGSEND = YES;
				GCC_C_LANGUAGE_STANDARD = gnu11;
				GCC_NO_COMMON_BLOCKS = YES;
				GCC_WARN_64_TO_32_BIT_CONVERSION = YES;
				GCC_WARN_ABOUT_RETURN_TYPE = YES_ERROR;
				GCC_WARN_UNDECLARED_SELECTOR = YES;
				GCC_WARN_UNINITIALIZED_AUTOS = YES_AGGRESSIVE;
				GCC_WARN_UNUSED_FUNCTION = YES;
				GCC_WARN_UNUSED_VARIABLE = YES;
				IPHONEOS_DEPLOYMENT_TARGET = 12.4;
				MTL_ENABLE_DEBUG_INFO = NO;
				MTL_FAST_MATH = YES;
				SDKROOT = iphoneos;
				SWIFT_COMPILATION_MODE = wholemodule;
				SWIFT_OPTIMIZATION_LEVEL = "-O";
				VALIDATE_PRODUCT = YES;
			};
			name = Release;
		};
		57067260231F024900AAF653 /* Debug */ = {
			isa = XCBuildConfiguration;
			buildSettings = {
				ASSETCATALOG_COMPILER_APPICON_NAME = AppIcon;
				CODE_SIGN_STYLE = Automatic;
				INFOPLIST_FILE = Livros/Info.plist;
				LD_RUNPATH_SEARCH_PATHS = (
					"$(inherited)",
					"@executable_path/Frameworks",
				);
				PRODUCT_BUNDLE_IDENTIFIER = br.com.livros.Livros;
				PRODUCT_NAME = "$(TARGET_NAME)";
				SWIFT_VERSION = 5.0;
				TARGETED_DEVICE_FAMILY = "1,2";
			};
			name = Debug;
		};
		57067261231F024900AAF653 /* Release */ = {
			isa = XCBuildConfiguration;
			buildSettings = {
				ASSETCATALOG_COMPILER_APPICON_NAME = AppIcon;
				CODE_SIGN_STYLE = Automatic;
				INFOPLIST_FILE = Livros/Info.plist;
				LD_RUNPATH_SEARCH_PATHS = (
					"$(inherited)",
					"@executable_path/Frameworks",
				);
				PRODUCT_BUNDLE_IDENTIFIER = br.com.livros.Livros;
				PRODUCT_NAME = "$(TARGET_NAME)";
				SWIFT_VERSION = 5.0;
				TARGETED_DEVICE_FAMILY = "1,2";
			};
			name = Release;
		};
/* End XCBuildConfiguration section */

/* Begin XCConfigurationList section */
		57067248231F024800AAF653 /* Build configuration list for PBXProject "Livros" */ = {
			isa = XCConfigurationList;
			buildConfigurations = (
				5706725D231F024900AAF653 /* Debug */,
				5706725E231F024900AAF653 /* Release */,
			);
			defaultConfigurationIsVisible = 0;
			defaultConfigurationName = Release;
		};
		5706725F231F024900AAF653 /* Build configuration list for PBXNativeTarget "Livros" */ = {
			isa = XCConfigurationList;
			buildConfigurations = (
				57067260231F024900AAF653 /* Debug */,
				57067261231F024900AAF653 /* Release */,
			);
			defaultConfigurationIsVisible = 0;
			defaultConfigurationName = Release;
		};
/* End XCConfigurationList section */
	};
	rootObject = 57067245231F024800AAF653 /* Project object */;
}
